// !$*UTF8*$!
{
	archiveVersion = 1;
	classes = {
	};
	objectVersion = 56;
	objects = {

/* Begin PBXBuildFile section */
		8FCB414029E5D42900F5A4DD /* AppDelegate.swift in Sources */ = {isa = PBXBuildFile; fileRef = 8FCB413F29E5D42900F5A4DD /* AppDelegate.swift */; };
		8FCB414229E5D42900F5A4DD /* SceneDelegate.swift in Sources */ = {isa = PBXBuildFile; fileRef = 8FCB414129E5D42900F5A4DD /* SceneDelegate.swift */; };
		8FCB414429E5D42900F5A4DD /* ViewController.swift in Sources */ = {isa = PBXBuildFile; fileRef = 8FCB414329E5D42900F5A4DD /* ViewController.swift */; };
		8FCB414729E5D42900F5A4DD /* Main.storyboard in Resources */ = {isa = PBXBuildFile; fileRef = 8FCB414529E5D42900F5A4DD /* Main.storyboard */; };
		8FCB414929E5D42A00F5A4DD /* Assets.xcassets in Resources */ = {isa = PBXBuildFile; fileRef = 8FCB414829E5D42A00F5A4DD /* Assets.xcassets */; };
		8FCB414C29E5D42A00F5A4DD /* LaunchScreen.storyboard in Resources */ = {isa = PBXBuildFile; fileRef = 8FCB414A29E5D42A00F5A4DD /* LaunchScreen.storyboard */; };
		8FCB415729E5D42B00F5A4DD /* lulutechnicalTests.swift in Sources */ = {isa = PBXBuildFile; fileRef = 8FCB415629E5D42B00F5A4DD /* lulutechnicalTests.swift */; };
		8FCB416129E5D42B00F5A4DD /* lulutechnicalUITests.swift in Sources */ = {isa = PBXBuildFile; fileRef = 8FCB416029E5D42B00F5A4DD /* lulutechnicalUITests.swift */; };
		8FCB416329E5D42B00F5A4DD /* lulutechnicalUITestsLaunchTests.swift in Sources */ = {isa = PBXBuildFile; fileRef = 8FCB416229E5D42B00F5A4DD /* lulutechnicalUITestsLaunchTests.swift */; };
		8FCB417029E5D93B00F5A4DD /* Model.swift in Sources */ = {isa = PBXBuildFile; fileRef = 8FCB416F29E5D93B00F5A4DD /* Model.swift */; };
		8FCB417229E5D97200F5A4DD /* ViewModel.swift in Sources */ = {isa = PBXBuildFile; fileRef = 8FCB417129E5D97200F5A4DD /* ViewModel.swift */; };
/* End PBXBuildFile section */

/* Begin PBXContainerItemProxy section */
		8FCB415329E5D42B00F5A4DD /* PBXContainerItemProxy */ = {
			isa = PBXContainerItemProxy;
			containerPortal = 8FCB413429E5D42900F5A4DD /* Project object */;
			proxyType = 1;
			remoteGlobalIDString = 8FCB413B29E5D42900F5A4DD;
			remoteInfo = lulutechnical;
		};
		8FCB415D29E5D42B00F5A4DD /* PBXContainerItemProxy */ = {
			isa = PBXContainerItemProxy;
			containerPortal = 8FCB413429E5D42900F5A4DD /* Project object */;
			proxyType = 1;
			remoteGlobalIDString = 8FCB413B29E5D42900F5A4DD;
			remoteInfo = lulutechnical;
		};
/* End PBXContainerItemProxy section */

/* Begin PBXFileReference section */
		8FCB413C29E5D42900F5A4DD /* lulutechnical.app */ = {isa = PBXFileReference; explicitFileType = wrapper.application; includeInIndex = 0; path = lulutechnical.app; sourceTree = BUILT_PRODUCTS_DIR; };
		8FCB413F29E5D42900F5A4DD /* AppDelegate.swift */ = {isa = PBXFileReference; lastKnownFileType = sourcecode.swift; path = AppDelegate.swift; sourceTree = "<group>"; };
		8FCB414129E5D42900F5A4DD /* SceneDelegate.swift */ = {isa = PBXFileReference; lastKnownFileType = sourcecode.swift; path = SceneDelegate.swift; sourceTree = "<group>"; };
		8FCB414329E5D42900F5A4DD /* ViewController.swift */ = {isa = PBXFileReference; lastKnownFileType = sourcecode.swift; path = ViewController.swift; sourceTree = "<group>"; };
		8FCB414629E5D42900F5A4DD /* Base */ = {isa = PBXFileReference; lastKnownFileType = file.storyboard; name = Base; path = Base.lproj/Main.storyboard; sourceTree = "<group>"; };
		8FCB414829E5D42A00F5A4DD /* Assets.xcassets */ = {isa = PBXFileReference; lastKnownFileType = folder.assetcatalog; path = Assets.xcassets; sourceTree = "<group>"; };
		8FCB414B29E5D42A00F5A4DD /* Base */ = {isa = PBXFileReference; lastKnownFileType = file.storyboard; name = Base; path = Base.lproj/LaunchScreen.storyboard; sourceTree = "<group>"; };
		8FCB414D29E5D42A00F5A4DD /* Info.plist */ = {isa = PBXFileReference; lastKnownFileType = text.plist.xml; path = Info.plist; sourceTree = "<group>"; };
		8FCB415229E5D42B00F5A4DD /* lulutechnicalTests.xctest */ = {isa = PBXFileReference; explicitFileType = wrapper.cfbundle; includeInIndex = 0; path = lulutechnicalTests.xctest; sourceTree = BUILT_PRODUCTS_DIR; };
		8FCB415629E5D42B00F5A4DD /* lulutechnicalTests.swift */ = {isa = PBXFileReference; lastKnownFileType = sourcecode.swift; path = lulutechnicalTests.swift; sourceTree = "<group>"; };
		8FCB415C29E5D42B00F5A4DD /* lulutechnicalUITests.xctest */ = {isa = PBXFileReference; explicitFileType = wrapper.cfbundle; includeInIndex = 0; path = lulutechnicalUITests.xctest; sourceTree = BUILT_PRODUCTS_DIR; };
		8FCB416029E5D42B00F5A4DD /* lulutechnicalUITests.swift */ = {isa = PBXFileReference; lastKnownFileType = sourcecode.swift; path = lulutechnicalUITests.swift; sourceTree = "<group>"; };
		8FCB416229E5D42B00F5A4DD /* lulutechnicalUITestsLaunchTests.swift */ = {isa = PBXFileReference; lastKnownFileType = sourcecode.swift; path = lulutechnicalUITestsLaunchTests.swift; sourceTree = "<group>"; };
		8FCB416F29E5D93B00F5A4DD /* Model.swift */ = {isa = PBXFileReference; lastKnownFileType = sourcecode.swift; path = Model.swift; sourceTree = "<group>"; };
		8FCB417129E5D97200F5A4DD /* ViewModel.swift */ = {isa = PBXFileReference; lastKnownFileType = sourcecode.swift; path = ViewModel.swift; sourceTree = "<group>"; };
/* End PBXFileReference section */

/* Begin PBXFrameworksBuildPhase section */
		8FCB413929E5D42900F5A4DD /* Frameworks */ = {
			isa = PBXFrameworksBuildPhase;
			buildActionMask = 2147483647;
			files = (
			);
			runOnlyForDeploymentPostprocessing = 0;
		};
		8FCB414F29E5D42B00F5A4DD /* Frameworks */ = {
			isa = PBXFrameworksBuildPhase;
			buildActionMask = 2147483647;
			files = (
			);
			runOnlyForDeploymentPostprocessing = 0;
		};
		8FCB415929E5D42B00F5A4DD /* Frameworks */ = {
			isa = PBXFrameworksBuildPhase;
			buildActionMask = 2147483647;
			files = (
			);
			runOnlyForDeploymentPostprocessing = 0;
		};
/* End PBXFrameworksBuildPhase section */

/* Begin PBXGroup section */
		8FCB413329E5D42900F5A4DD = {
			isa = PBXGroup;
			children = (
				8FCB413E29E5D42900F5A4DD /* lulutechnical */,
				8FCB415529E5D42B00F5A4DD /* lulutechnicalTests */,
				8FCB415F29E5D42B00F5A4DD /* lulutechnicalUITests */,
				8FCB413D29E5D42900F5A4DD /* Products */,
			);
			sourceTree = "<group>";
		};
		8FCB413D29E5D42900F5A4DD /* Products */ = {
			isa = PBXGroup;
			children = (
				8FCB413C29E5D42900F5A4DD /* lulutechnical.app */,
				8FCB415229E5D42B00F5A4DD /* lulutechnicalTests.xctest */,
				8FCB415C29E5D42B00F5A4DD /* lulutechnicalUITests.xctest */,
			);
			name = Products;
			sourceTree = "<group>";
		};
		8FCB413E29E5D42900F5A4DD /* lulutechnical */ = {
			isa = PBXGroup;
			children = (
				8FCB413F29E5D42900F5A4DD /* AppDelegate.swift */,
				8FCB414129E5D42900F5A4DD /* SceneDelegate.swift */,
				8FCB414329E5D42900F5A4DD /* ViewController.swift */,
				8FCB417129E5D97200F5A4DD /* ViewModel.swift */,
				8FCB414529E5D42900F5A4DD /* Main.storyboard */,
				8FCB416F29E5D93B00F5A4DD /* Model.swift */,
				8FCB414829E5D42A00F5A4DD /* Assets.xcassets */,
				8FCB414A29E5D42A00F5A4DD /* LaunchScreen.storyboard */,
				8FCB414D29E5D42A00F5A4DD /* Info.plist */,
			);
			path = lulutechnical;
			sourceTree = "<group>";
		};
		8FCB415529E5D42B00F5A4DD /* lulutechnicalTests */ = {
			isa = PBXGroup;
			children = (
				8FCB415629E5D42B00F5A4DD /* lulutechnicalTests.swift */,
			);
			path = lulutechnicalTests;
			sourceTree = "<group>";
		};
		8FCB415F29E5D42B00F5A4DD /* lulutechnicalUITests */ = {
			isa = PBXGroup;
			children = (
				8FCB416029E5D42B00F5A4DD /* lulutechnicalUITests.swift */,
				8FCB416229E5D42B00F5A4DD /* lulutechnicalUITestsLaunchTests.swift */,
			);
			path = lulutechnicalUITests;
			sourceTree = "<group>";
		};
/* End PBXGroup section */

/* Begin PBXNativeTarget section */
		8FCB413B29E5D42900F5A4DD /* lulutechnical */ = {
			isa = PBXNativeTarget;
			buildConfigurationList = 8FCB416629E5D42B00F5A4DD /* Build configuration list for PBXNativeTarget "lulutechnical" */;
			buildPhases = (
				8FCB413829E5D42900F5A4DD /* Sources */,
				8FCB413929E5D42900F5A4DD /* Frameworks */,
				8FCB413A29E5D42900F5A4DD /* Resources */,
			);
			buildRules = (
			);
			dependencies = (
			);
			name = lulutechnical;
			productName = lulutechnical;
			productReference = 8FCB413C29E5D42900F5A4DD /* lulutechnical.app */;
			productType = "com.apple.product-type.application";
		};
		8FCB415129E5D42B00F5A4DD /* lulutechnicalTests */ = {
			isa = PBXNativeTarget;
			buildConfigurationList = 8FCB416929E5D42B00F5A4DD /* Build configuration list for PBXNativeTarget "lulutechnicalTests" */;
			buildPhases = (
				8FCB414E29E5D42B00F5A4DD /* Sources */,
				8FCB414F29E5D42B00F5A4DD /* Frameworks */,
				8FCB415029E5D42B00F5A4DD /* Resources */,
			);
			buildRules = (
			);
			dependencies = (
				8FCB415429E5D42B00F5A4DD /* PBXTargetDependency */,
			);
			name = lulutechnicalTests;
			productName = lulutechnicalTests;
			productReference = 8FCB415229E5D42B00F5A4DD /* lulutechnicalTests.xctest */;
			productType = "com.apple.product-type.bundle.unit-test";
		};
		8FCB415B29E5D42B00F5A4DD /* lulutechnicalUITests */ = {
			isa = PBXNativeTarget;
			buildConfigurationList = 8FCB416C29E5D42B00F5A4DD /* Build configuration list for PBXNativeTarget "lulutechnicalUITests" */;
			buildPhases = (
				8FCB415829E5D42B00F5A4DD /* Sources */,
				8FCB415929E5D42B00F5A4DD /* Frameworks */,
				8FCB415A29E5D42B00F5A4DD /* Resources */,
			);
			buildRules = (
			);
			dependencies = (
				8FCB415E29E5D42B00F5A4DD /* PBXTargetDependency */,
			);
			name = lulutechnicalUITests;
			productName = lulutechnicalUITests;
			productReference = 8FCB415C29E5D42B00F5A4DD /* lulutechnicalUITests.xctest */;
			productType = "com.apple.product-type.bundle.ui-testing";
		};
/* End PBXNativeTarget section */

/* Begin PBXProject section */
		8FCB413429E5D42900F5A4DD /* Project object */ = {
			isa = PBXProject;
			attributes = {
				BuildIndependentTargetsInParallel = 1;
				LastSwiftUpdateCheck = 1430;
				LastUpgradeCheck = 1430;
				TargetAttributes = {
					8FCB413B29E5D42900F5A4DD = {
						CreatedOnToolsVersion = 14.3;
					};
					8FCB415129E5D42B00F5A4DD = {
						CreatedOnToolsVersion = 14.3;
						TestTargetID = 8FCB413B29E5D42900F5A4DD;
					};
					8FCB415B29E5D42B00F5A4DD = {
						CreatedOnToolsVersion = 14.3;
						TestTargetID = 8FCB413B29E5D42900F5A4DD;
					};
				};
			};
			buildConfigurationList = 8FCB413729E5D42900F5A4DD /* Build configuration list for PBXProject "lulutechnical" */;
			compatibilityVersion = "Xcode 14.0";
			developmentRegion = en;
			hasScannedForEncodings = 0;
			knownRegions = (
				en,
				Base,
			);
			mainGroup = 8FCB413329E5D42900F5A4DD;
			productRefGroup = 8FCB413D29E5D42900F5A4DD /* Products */;
			projectDirPath = "";
			projectRoot = "";
			targets = (
				8FCB413B29E5D42900F5A4DD /* lulutechnical */,
				8FCB415129E5D42B00F5A4DD /* lulutechnicalTests */,
				8FCB415B29E5D42B00F5A4DD /* lulutechnicalUITests */,
			);
		};
/* End PBXProject section */

/* Begin PBXResourcesBuildPhase section */
		8FCB413A29E5D42900F5A4DD /* Resources */ = {
			isa = PBXResourcesBuildPhase;
			buildActionMask = 2147483647;
			files = (
				8FCB414C29E5D42A00F5A4DD /* LaunchScreen.storyboard in Resources */,
				8FCB414929E5D42A00F5A4DD /* Assets.xcassets in Resources */,
				8FCB414729E5D42900F5A4DD /* Main.storyboard in Resources */,
			);
			runOnlyForDeploymentPostprocessing = 0;
		};
		8FCB415029E5D42B00F5A4DD /* Resources */ = {
			isa = PBXResourcesBuildPhase;
			buildActionMask = 2147483647;
			files = (
			);
			runOnlyForDeploymentPostprocessing = 0;
		};
		8FCB415A29E5D42B00F5A4DD /* Resources */ = {
			isa = PBXResourcesBuildPhase;
			buildActionMask = 2147483647;
			files = (
			);
			runOnlyForDeploymentPostprocessing = 0;
		};
/* End PBXResourcesBuildPhase section */

/* Begin PBXSourcesBuildPhase section */
		8FCB413829E5D42900F5A4DD /* Sources */ = {
			isa = PBXSourcesBuildPhase;
			buildActionMask = 2147483647;
			files = (
				8FCB417229E5D97200F5A4DD /* ViewModel.swift in Sources */,
				8FCB414429E5D42900F5A4DD /* ViewController.swift in Sources */,
				8FCB414029E5D42900F5A4DD /* AppDelegate.swift in Sources */,
				8FCB414229E5D42900F5A4DD /* SceneDelegate.swift in Sources */,
				8FCB417029E5D93B00F5A4DD /* Model.swift in Sources */,
			);
			runOnlyForDeploymentPostprocessing = 0;
		};
		8FCB414E29E5D42B00F5A4DD /* Sources */ = {
			isa = PBXSourcesBuildPhase;
			buildActionMask = 2147483647;
			files = (
				8FCB415729E5D42B00F5A4DD /* lulutechnicalTests.swift in Sources */,
			);
			runOnlyForDeploymentPostprocessing = 0;
		};
		8FCB415829E5D42B00F5A4DD /* Sources */ = {
			isa = PBXSourcesBuildPhase;
			buildActionMask = 2147483647;
			files = (
				8FCB416329E5D42B00F5A4DD /* lulutechnicalUITestsLaunchTests.swift in Sources */,
				8FCB416129E5D42B00F5A4DD /* lulutechnicalUITests.swift in Sources */,
			);
			runOnlyForDeploymentPostprocessing = 0;
		};
/* End PBXSourcesBuildPhase section */

/* Begin PBXTargetDependency section */
		8FCB415429E5D42B00F5A4DD /* PBXTargetDependency */ = {
			isa = PBXTargetDependency;
			target = 8FCB413B29E5D42900F5A4DD /* lulutechnical */;
			targetProxy = 8FCB415329E5D42B00F5A4DD /* PBXContainerItemProxy */;
		};
		8FCB415E29E5D42B00F5A4DD /* PBXTargetDependency */ = {
			isa = PBXTargetDependency;
			target = 8FCB413B29E5D42900F5A4DD /* lulutechnical */;
			targetProxy = 8FCB415D29E5D42B00F5A4DD /* PBXContainerItemProxy */;
		};
/* End PBXTargetDependency section */

/* Begin PBXVariantGroup section */
		8FCB414529E5D42900F5A4DD /* Main.storyboard */ = {
			isa = PBXVariantGroup;
			children = (
				8FCB414629E5D42900F5A4DD /* Base */,
			);
			name = Main.storyboard;
			sourceTree = "<group>";
		};
		8FCB414A29E5D42A00F5A4DD /* LaunchScreen.storyboard */ = {
			isa = PBXVariantGroup;
			children = (
				8FCB414B29E5D42A00F5A4DD /* Base */,
			);
			name = LaunchScreen.storyboard;
			sourceTree = "<group>";
		};
/* End PBXVariantGroup section */

/* Begin XCBuildConfiguration section */
		8FCB416429E5D42B00F5A4DD /* Debug */ = {
			isa = XCBuildConfiguration;
			buildSettings = {
				ALWAYS_SEARCH_USER_PATHS = NO;
				CLANG_ANALYZER_NONNULL = YES;
				CLANG_ANALYZER_NUMBER_OBJECT_CONVERSION = YES_AGGRESSIVE;
				CLANG_CXX_LANGUAGE_STANDARD = "gnu++20";
				CLANG_ENABLE_MODULES = YES;
				CLANG_ENABLE_OBJC_ARC = YES;
				CLANG_ENABLE_OBJC_WEAK = YES;
				CLANG_WARN_BLOCK_CAPTURE_AUTORELEASING = YES;
				CLANG_WARN_BOOL_CONVERSION = YES;
				CLANG_WARN_COMMA = YES;
				CLANG_WARN_CONSTANT_CONVERSION = YES;
				CLANG_WARN_DEPRECATED_OBJC_IMPLEMENTATIONS = YES;
				CLANG_WARN_DIRECT_OBJC_ISA_USAGE = YES_ERROR;
				CLANG_WARN_DOCUMENTATION_COMMENTS = YES;
				CLANG_WARN_EMPTY_BODY = YES;
				CLANG_WARN_ENUM_CONVERSION = YES;
				CLANG_WARN_INFINITE_RECURSION = YES;
				CLANG_WARN_INT_CONVERSION = YES;
				CLANG_WARN_NON_LITERAL_NULL_CONVERSION = YES;
				CLANG_WARN_OBJC_IMPLICIT_RETAIN_SELF = YES;
				CLANG_WARN_OBJC_LITERAL_CONVERSION = YES;
				CLANG_WARN_OBJC_ROOT_CLASS = YES_ERROR;
				CLANG_WARN_QUOTED_INCLUDE_IN_FRAMEWORK_HEADER = YES;
				CLANG_WARN_RANGE_LOOP_ANALYSIS = YES;
				CLANG_WARN_STRICT_PROTOTYPES = YES;
				CLANG_WARN_SUSPICIOUS_MOVE = YES;
				CLANG_WARN_UNGUARDED_AVAILABILITY = YES_AGGRESSIVE;
				CLANG_WARN_UNREACHABLE_CODE = YES;
				CLANG_WARN__DUPLICATE_METHOD_MATCH = YES;
				COPY_PHASE_STRIP = NO;
				DEBUG_INFORMATION_FORMAT = dwarf;
				ENABLE_STRICT_OBJC_MSGSEND = YES;
				ENABLE_TESTABILITY = YES;
				GCC_C_LANGUAGE_STANDARD = gnu11;
				GCC_DYNAMIC_NO_PIC = NO;
				GCC_NO_COMMON_BLOCKS = YES;
				GCC_OPTIMIZATION_LEVEL = 0;
				GCC_PREPROCESSOR_DEFINITIONS = (
					"DEBUG=1",
					"$(inherited)",
				);
				GCC_WARN_64_TO_32_BIT_CONVERSION = YES;
				GCC_WARN_ABOUT_RETURN_TYPE = YES_ERROR;
				GCC_WARN_UNDECLARED_SELECTOR = YES;
				GCC_WARN_UNINITIALIZED_AUTOS = YES_AGGRESSIVE;
				GCC_WARN_UNUSED_FUNCTION = YES;
				GCC_WARN_UNUSED_VARIABLE = YES;
				IPHONEOS_DEPLOYMENT_TARGET = 16.4;
				MTL_ENABLE_DEBUG_INFO = INCLUDE_SOURCE;
				MTL_FAST_MATH = YES;
				ONLY_ACTIVE_ARCH = YES;
				SDKROOT = iphoneos;
				SWIFT_ACTIVE_COMPILATION_CONDITIONS = DEBUG;
				SWIFT_OPTIMIZATION_LEVEL = "-Onone";
			};
			name = Debug;
		};
		8FCB416529E5D42B00F5A4DD /* Release */ = {
			isa = XCBuildConfiguration;
			buildSettings = {
				ALWAYS_SEARCH_USER_PATHS = NO;
				CLANG_ANALYZER_NONNULL = YES;
				CLANG_ANALYZER_NUMBER_OBJECT_CONVERSION = YES_AGGRESSIVE;
				CLANG_CXX_LANGUAGE_STANDARD = "gnu++20";
				CLANG_ENABLE_MODULES = YES;
				CLANG_ENABLE_OBJC_ARC = YES;
				CLANG_ENABLE_OBJC_WEAK = YES;
				CLANG_WARN_BLOCK_CAPTURE_AUTORELEASING = YES;
				CLANG_WARN_BOOL_CONVERSION = YES;
				CLANG_WARN_COMMA = YES;
				CLANG_WARN_CONSTANT_CONVERSION = YES;
				CLANG_WARN_DEPRECATED_OBJC_IMPLEMENTATIONS = YES;
				CLANG_WARN_DIRECT_OBJC_ISA_USAGE = YES_ERROR;
				CLANG_WARN_DOCUMENTATION_COMMENTS = YES;
				CLANG_WARN_EMPTY_BODY = YES;
				CLANG_WARN_ENUM_CONVERSION = YES;
				CLANG_WARN_INFINITE_RECURSION = YES;
				CLANG_WARN_INT_CONVERSION = YES;
				CLANG_WARN_NON_LITERAL_NULL_CONVERSION = YES;
				CLANG_WARN_OBJC_IMPLICIT_RETAIN_SELF = YES;
				CLANG_WARN_OBJC_LITERAL_CONVERSION = YES;
				CLANG_WARN_OBJC_ROOT_CLASS = YES_ERROR;
				CLANG_WARN_QUOTED_INCLUDE_IN_FRAMEWORK_HEADER = YES;
				CLANG_WARN_RANGE_LOOP_ANALYSIS = YES;
				CLANG_WARN_STRICT_PROTOTYPES = YES;
				CLANG_WARN_SUSPICIOUS_MOVE = YES;
				CLANG_WARN_UNGUARDED_AVAILABILITY = YES_AGGRESSIVE;
				CLANG_WARN_UNREACHABLE_CODE = YES;
				CLANG_WARN__DUPLICATE_METHOD_MATCH = YES;
				COPY_PHASE_STRIP = NO;
				DEBUG_INFORMATION_FORMAT = "dwarf-with-dsym";
				ENABLE_NS_ASSERTIONS = NO;
				ENABLE_STRICT_OBJC_MSGSEND = YES;
				GCC_C_LANGUAGE_STANDARD = gnu11;
				GCC_NO_COMMON_BLOCKS = YES;
				GCC_WARN_64_TO_32_BIT_CONVERSION = YES;
				GCC_WARN_ABOUT_RETURN_TYPE = YES_ERROR;
				GCC_WARN_UNDECLARED_SELECTOR = YES;
				GCC_WARN_UNINITIALIZED_AUTOS = YES_AGGRESSIVE;
				GCC_WARN_UNUSED_FUNCTION = YES;
				GCC_WARN_UNUSED_VARIABLE = YES;
				IPHONEOS_DEPLOYMENT_TARGET = 16.4;
				MTL_ENABLE_DEBUG_INFO = NO;
				MTL_FAST_MATH = YES;
				SDKROOT = iphoneos;
				SWIFT_COMPILATION_MODE = wholemodule;
				SWIFT_OPTIMIZATION_LEVEL = "-O";
				VALIDATE_PRODUCT = YES;
			};
			name = Release;
		};
		8FCB416729E5D42B00F5A4DD /* Debug */ = {
			isa = XCBuildConfiguration;
			buildSettings = {
				ASSETCATALOG_COMPILER_APPICON_NAME = AppIcon;
				ASSETCATALOG_COMPILER_GLOBAL_ACCENT_COLOR_NAME = AccentColor;
				CODE_SIGN_STYLE = Automatic;
				CURRENT_PROJECT_VERSION = 1;
				GENERATE_INFOPLIST_FILE = YES;
				INFOPLIST_FILE = lulutechnical/Info.plist;
				INFOPLIST_KEY_UIApplicationSupportsIndirectInputEvents = YES;
				INFOPLIST_KEY_UILaunchStoryboardName = LaunchScreen;
				INFOPLIST_KEY_UIMainStoryboardFile = Main;
				INFOPLIST_KEY_UISupportedInterfaceOrientations_iPad = "UIInterfaceOrientationPortrait UIInterfaceOrientationPortraitUpsideDown UIInterfaceOrientationLandscapeLeft UIInterfaceOrientationLandscapeRight";
				INFOPLIST_KEY_UISupportedInterfaceOrientations_iPhone = "UIInterfaceOrientationPortrait UIInterfaceOrientationLandscapeLeft UIInterfaceOrientationLandscapeRight";
				LD_RUNPATH_SEARCH_PATHS = (
					"$(inherited)",
					"@executable_path/Frameworks",
				);
				MARKETING_VERSION = 1.0;
				PRODUCT_BUNDLE_IDENTIFIER = lando.lulutechnical;
				PRODUCT_NAME = "$(TARGET_NAME)";
				SWIFT_EMIT_LOC_STRINGS = YES;
				SWIFT_VERSION = 5.0;
				TARGETED_DEVICE_FAMILY = "1,2";
			};
			name = Debug;
		};
		8FCB416829E5D42B00F5A4DD /* Release */ = {
			isa = XCBuildConfiguration;
			buildSettings = {
				ASSETCATALOG_COMPILER_APPICON_NAME = AppIcon;
				ASSETCATALOG_COMPILER_GLOBAL_ACCENT_COLOR_NAME = AccentColor;
				CODE_SIGN_STYLE = Automatic;
				CURRENT_PROJECT_VERSION = 1;
				GENERATE_INFOPLIST_FILE = YES;
				INFOPLIST_FILE = lulutechnical/Info.plist;
				INFOPLIST_KEY_UIApplicationSupportsIndirectInputEvents = YES;
				INFOPLIST_KEY_UILaunchStoryboardName = LaunchScreen;
				INFOPLIST_KEY_UIMainStoryboardFile = Main;
				INFOPLIST_KEY_UISupportedInterfaceOrientations_iPad = "UIInterfaceOrientationPortrait UIInterfaceOrientationPortraitUpsideDown UIInterfaceOrientationLandscapeLeft UIInterfaceOrientationLandscapeRight";
				INFOPLIST_KEY_UISupportedInterfaceOrientations_iPhone = "UIInterfaceOrientationPortrait UIInterfaceOrientationLandscapeLeft UIInterfaceOrientationLandscapeRight";
				LD_RUNPATH_SEARCH_PATHS = (
					"$(inherited)",
					"@executable_path/Frameworks",
				);
				MARKETING_VERSION = 1.0;
				PRODUCT_BUNDLE_IDENTIFIER = lando.lulutechnical;
				PRODUCT_NAME = "$(TARGET_NAME)";
				SWIFT_EMIT_LOC_STRINGS = YES;
				SWIFT_VERSION = 5.0;
				TARGETED_DEVICE_FAMILY = "1,2";
			};
			name = Release;
		};
		8FCB416A29E5D42B00F5A4DD /* Debug */ = {
			isa = XCBuildConfiguration;
			buildSettings = {
				ALWAYS_EMBED_SWIFT_STANDARD_LIBRARIES = YES;
				BUNDLE_LOADER = "$(TEST_HOST)";
				CODE_SIGN_STYLE = Automatic;
				CURRENT_PROJECT_VERSION = 1;
				GENERATE_INFOPLIST_FILE = YES;
				IPHONEOS_DEPLOYMENT_TARGET = 16.4;
				MARKETING_VERSION = 1.0;
				PRODUCT_BUNDLE_IDENTIFIER = lando.lulutechnicalTests;
				PRODUCT_NAME = "$(TARGET_NAME)";
				SWIFT_EMIT_LOC_STRINGS = NO;
				SWIFT_VERSION = 5.0;
				TARGETED_DEVICE_FAMILY = "1,2";
				TEST_HOST = "$(BUILT_PRODUCTS_DIR)/lulutechnical.app/$(BUNDLE_EXECUTABLE_FOLDER_PATH)/lulutechnical";
			};
			name = Debug;
		};
		8FCB416B29E5D42B00F5A4DD /* Release */ = {
			isa = XCBuildConfiguration;
			buildSettings = {
				ALWAYS_EMBED_SWIFT_STANDARD_LIBRARIES = YES;
				BUNDLE_LOADER = "$(TEST_HOST)";
				CODE_SIGN_STYLE = Automatic;
				CURRENT_PROJECT_VERSION = 1;
				GENERATE_INFOPLIST_FILE = YES;
				IPHONEOS_DEPLOYMENT_TARGET = 16.4;
				MARKETING_VERSION = 1.0;
				PRODUCT_BUNDLE_IDENTIFIER = lando.lulutechnicalTests;
				PRODUCT_NAME = "$(TARGET_NAME)";
				SWIFT_EMIT_LOC_STRINGS = NO;
				SWIFT_VERSION = 5.0;
				TARGETED_DEVICE_FAMILY = "1,2";
				TEST_HOST = "$(BUILT_PRODUCTS_DIR)/lulutechnical.app/$(BUNDLE_EXECUTABLE_FOLDER_PATH)/lulutechnical";
			};
			name = Release;
		};
		8FCB416D29E5D42B00F5A4DD /* Debug */ = {
			isa = XCBuildConfiguration;
			buildSettings = {
				ALWAYS_EMBED_SWIFT_STANDARD_LIBRARIES = YES;
				CODE_SIGN_STYLE = Automatic;
				CURRENT_PROJECT_VERSION = 1;
				GENERATE_INFOPLIST_FILE = YES;
				MARKETING_VERSION = 1.0;
				PRODUCT_BUNDLE_IDENTIFIER = lando.lulutechnicalUITests;
				PRODUCT_NAME = "$(TARGET_NAME)";
				SWIFT_EMIT_LOC_STRINGS = NO;
				SWIFT_VERSION = 5.0;
				TARGETED_DEVICE_FAMILY = "1,2";
				TEST_TARGET_NAME = lulutechnical;
			};
			name = Debug;
		};
		8FCB416E29E5D42B00F5A4DD /* Release */ = {
			isa = XCBuildConfiguration;
			buildSettings = {
				ALWAYS_EMBED_SWIFT_STANDARD_LIBRARIES = YES;
				CODE_SIGN_STYLE = Automatic;
				CURRENT_PROJECT_VERSION = 1;
				GENERATE_INFOPLIST_FILE = YES;
				MARKETING_VERSION = 1.0;
				PRODUCT_BUNDLE_IDENTIFIER = lando.lulutechnicalUITests;
				PRODUCT_NAME = "$(TARGET_NAME)";
				SWIFT_EMIT_LOC_STRINGS = NO;
				SWIFT_VERSION = 5.0;
				TARGETED_DEVICE_FAMILY = "1,2";
				TEST_TARGET_NAME = lulutechnical;
			};
			name = Release;
		};
/* End XCBuildConfiguration section */

/* Begin XCConfigurationList section */
		8FCB413729E5D42900F5A4DD /* Build configuration list for PBXProject "lulutechnical" */ = {
			isa = XCConfigurationList;
			buildConfigurations = (
				8FCB416429E5D42B00F5A4DD /* Debug */,
				8FCB416529E5D42B00F5A4DD /* Release */,
			);
			defaultConfigurationIsVisible = 0;
			defaultConfigurationName = Release;
		};
		8FCB416629E5D42B00F5A4DD /* Build configuration list for PBXNativeTarget "lulutechnical" */ = {
			isa = XCConfigurationList;
			buildConfigurations = (
				8FCB416729E5D42B00F5A4DD /* Debug */,
				8FCB416829E5D42B00F5A4DD /* Release */,
			);
			defaultConfigurationIsVisible = 0;
			defaultConfigurationName = Release;
		};
		8FCB416929E5D42B00F5A4DD /* Build configuration list for PBXNativeTarget "lulutechnicalTests" */ = {
			isa = XCConfigurationList;
			buildConfigurations = (
				8FCB416A29E5D42B00F5A4DD /* Debug */,
				8FCB416B29E5D42B00F5A4DD /* Release */,
			);
			defaultConfigurationIsVisible = 0;
			defaultConfigurationName = Release;
		};
		8FCB416C29E5D42B00F5A4DD /* Build configuration list for PBXNativeTarget "lulutechnicalUITests" */ = {
			isa = XCConfigurationList;
			buildConfigurations = (
				8FCB416D29E5D42B00F5A4DD /* Debug */,
				8FCB416E29E5D42B00F5A4DD /* Release */,
			);
			defaultConfigurationIsVisible = 0;
			defaultConfigurationName = Release;
		};
/* End XCConfigurationList section */
	};
	rootObject = 8FCB413429E5D42900F5A4DD /* Project object */;
}
